
Microsoft Visual Studio Solution File, Format Version 12.00
# Visual Studio Version 16
VisualStudioVersion = 16.0.30907.101
MinimumVisualStudioVersion = 10.0.40219.1
Project("{FAE04EC0-301F-11D3-BF4B-00C04F79EFBC}") = "Propeties and Inheritance", "Propeties and Inheritance\Propeties and Inheritance.csproj", "{FBF2B6CC-EFB3-4230-AC62-0BC0F4EC06AF}"
EndProject
Global
	GlobalSection(SolutionConfigurationPlatforms) = preSolution
		Debug|Any CPU = Debug|Any CPU
		Release|Any CPU = Release|Any CPU
	EndGlobalSection
	GlobalSection(ProjectConfigurationPlatforms) = postSolution
		{FBF2B6CC-EFB3-4230-AC62-0BC0F4EC06AF}.Debug|Any CPU.ActiveCfg = Debug|Any CPU
		{FBF2B6CC-EFB3-4230-AC62-0BC0F4EC06AF}.Debug|Any CPU.Build.0 = Debug|Any CPU
		{FBF2B6CC-EFB3-4230-AC62-0BC0F4EC06AF}.Release|Any CPU.ActiveCfg = Release|Any CPU
		{FBF2B6CC-EFB3-4230-AC62-0BC0F4EC06AF}.Release|Any CPU.Build.0 = Release|Any CPU
	EndGlobalSection
	GlobalSection(SolutionProperties) = preSolution
		HideSolutionNode = FALSE
	EndGlobalSection
	GlobalSection(ExtensibilityGlobals) = postSolution
		SolutionGuid = {0AD5717E-AEDA-4DA9-B122-30800D1EE540}
	EndGlobalSection
EndGlobal
